// !$*UTF8*$!
{
	archiveVersion = 1;
	classes = {
	};
	objectVersion = 50;
	objects = {

/* Begin PBXBuildFile section */
		8313360D21C7973400ED399E /* AppDelegate.swift in Sources */ = {isa = PBXBuildFile; fileRef = 8313360C21C7973400ED399E /* AppDelegate.swift */; };
		8313360F21C7973400ED399E /* ViewController.swift in Sources */ = {isa = PBXBuildFile; fileRef = 8313360E21C7973400ED399E /* ViewController.swift */; };
		8313361221C7973400ED399E /* Main.storyboard in Resources */ = {isa = PBXBuildFile; fileRef = 8313361021C7973400ED399E /* Main.storyboard */; };
		8313361421C7973600ED399E /* Assets.xcassets in Resources */ = {isa = PBXBuildFile; fileRef = 8313361321C7973600ED399E /* Assets.xcassets */; };
		8313361721C7973600ED399E /* LaunchScreen.storyboard in Resources */ = {isa = PBXBuildFile; fileRef = 8313361521C7973600ED399E /* LaunchScreen.storyboard */; };
		8313362221C7973600ED399E /* FitnessAppTests.swift in Sources */ = {isa = PBXBuildFile; fileRef = 8313362121C7973600ED399E /* FitnessAppTests.swift */; };
		8313362D21C7973600ED399E /* FitnessAppUITests.swift in Sources */ = {isa = PBXBuildFile; fileRef = 8313362C21C7973600ED399E /* FitnessAppUITests.swift */; };
		8313363B21C7984000ED399E /* GoogleService-Info.plist in Resources */ = {isa = PBXBuildFile; fileRef = 8313363A21C7984000ED399E /* GoogleService-Info.plist */; };
		8313363D21C79BC700ED399E /* TableViewCell.swift in Sources */ = {isa = PBXBuildFile; fileRef = 8313363C21C79BC700ED399E /* TableViewCell.swift */; };
		8313364121C7A5D500ED399E /* Post.swift in Sources */ = {isa = PBXBuildFile; fileRef = 8313364021C7A5D500ED399E /* Post.swift */; };
		8313364921C7B9F400ED399E /* DetailVC.swift in Sources */ = {isa = PBXBuildFile; fileRef = 8313364721C7B9F400ED399E /* DetailVC.swift */; };
		8313364A21C7B9F400ED399E /* DetailVC.xib in Resources */ = {isa = PBXBuildFile; fileRef = 8313364821C7B9F400ED399E /* DetailVC.xib */; };
		834FD22221C9044400824738 /* loginViewController.swift in Sources */ = {isa = PBXBuildFile; fileRef = 834FD22121C9044400824738 /* loginViewController.swift */; };
		834FD22421C90A8000824738 /* registerViewController.swift in Sources */ = {isa = PBXBuildFile; fileRef = 834FD22321C90A8000824738 /* registerViewController.swift */; };
		BFF74C6F1EEF31CD8A5EBECF /* Pods_FitnessAppUITests.framework in Frameworks */ = {isa = PBXBuildFile; fileRef = 27B00E49AAB6282EB6DAB0D4 /* Pods_FitnessAppUITests.framework */; };
		E8100BD3232E08C08453AF55 /* Pods_FitnessAppTests.framework in Frameworks */ = {isa = PBXBuildFile; fileRef = EB00906D82DC2C83864C6BB1 /* Pods_FitnessAppTests.framework */; };
		E9AED2D492408062079269C3 /* Pods_FitnessApp.framework in Frameworks */ = {isa = PBXBuildFile; fileRef = B7C1E2A4D4E8A59990BB46DF /* Pods_FitnessApp.framework */; };
/* End PBXBuildFile section */

/* Begin PBXContainerItemProxy section */
		8313361E21C7973600ED399E /* PBXContainerItemProxy */ = {
			isa = PBXContainerItemProxy;
			containerPortal = 8313360121C7973400ED399E /* Project object */;
			proxyType = 1;
			remoteGlobalIDString = 8313360821C7973400ED399E;
			remoteInfo = FitnessApp;
		};
		8313362921C7973600ED399E /* PBXContainerItemProxy */ = {
			isa = PBXContainerItemProxy;
			containerPortal = 8313360121C7973400ED399E /* Project object */;
			proxyType = 1;
			remoteGlobalIDString = 8313360821C7973400ED399E;
			remoteInfo = FitnessApp;
		};
/* End PBXContainerItemProxy section */

/* Begin PBXFileReference section */
		27B00E49AAB6282EB6DAB0D4 /* Pods_FitnessAppUITests.framework */ = {isa = PBXFileReference; explicitFileType = wrapper.framework; includeInIndex = 0; path = Pods_FitnessAppUITests.framework; sourceTree = BUILT_PRODUCTS_DIR; };
		42FD26041C2E44615FD9F0C2 /* Pods-FitnessAppTests.release.xcconfig */ = {isa = PBXFileReference; includeInIndex = 1; lastKnownFileType = text.xcconfig; name = "Pods-FitnessAppTests.release.xcconfig"; path = "Pods/Target Support Files/Pods-FitnessAppTests/Pods-FitnessAppTests.release.xcconfig"; sourceTree = "<group>"; };
		453C3EAD731F936CBAD17DCE /* Pods-FitnessApp.debug.xcconfig */ = {isa = PBXFileReference; includeInIndex = 1; lastKnownFileType = text.xcconfig; name = "Pods-FitnessApp.debug.xcconfig"; path = "Pods/Target Support Files/Pods-FitnessApp/Pods-FitnessApp.debug.xcconfig"; sourceTree = "<group>"; };
		4FD76BE6CF4AE2D83F4D9D2C /* Pods-FitnessApp.release.xcconfig */ = {isa = PBXFileReference; includeInIndex = 1; lastKnownFileType = text.xcconfig; name = "Pods-FitnessApp.release.xcconfig"; path = "Pods/Target Support Files/Pods-FitnessApp/Pods-FitnessApp.release.xcconfig"; sourceTree = "<group>"; };
		7ED85A494BA697099FB32DD9 /* Pods-FitnessAppUITests.release.xcconfig */ = {isa = PBXFileReference; includeInIndex = 1; lastKnownFileType = text.xcconfig; name = "Pods-FitnessAppUITests.release.xcconfig"; path = "Pods/Target Support Files/Pods-FitnessAppUITests/Pods-FitnessAppUITests.release.xcconfig"; sourceTree = "<group>"; };
		8313360921C7973400ED399E /* FitnessApp.app */ = {isa = PBXFileReference; explicitFileType = wrapper.application; includeInIndex = 0; path = FitnessApp.app; sourceTree = BUILT_PRODUCTS_DIR; };
		8313360C21C7973400ED399E /* AppDelegate.swift */ = {isa = PBXFileReference; lastKnownFileType = sourcecode.swift; path = AppDelegate.swift; sourceTree = "<group>"; };
		8313360E21C7973400ED399E /* ViewController.swift */ = {isa = PBXFileReference; lastKnownFileType = sourcecode.swift; path = ViewController.swift; sourceTree = "<group>"; };
		8313361121C7973400ED399E /* Base */ = {isa = PBXFileReference; lastKnownFileType = file.storyboard; name = Base; path = Base.lproj/Main.storyboard; sourceTree = "<group>"; };
		8313361321C7973600ED399E /* Assets.xcassets */ = {isa = PBXFileReference; lastKnownFileType = folder.assetcatalog; path = Assets.xcassets; sourceTree = "<group>"; };
		8313361621C7973600ED399E /* Base */ = {isa = PBXFileReference; lastKnownFileType = file.storyboard; name = Base; path = Base.lproj/LaunchScreen.storyboard; sourceTree = "<group>"; };
		8313361821C7973600ED399E /* Info.plist */ = {isa = PBXFileReference; lastKnownFileType = text.plist.xml; path = Info.plist; sourceTree = "<group>"; };
		8313361D21C7973600ED399E /* FitnessAppTests.xctest */ = {isa = PBXFileReference; explicitFileType = wrapper.cfbundle; includeInIndex = 0; path = FitnessAppTests.xctest; sourceTree = BUILT_PRODUCTS_DIR; };
		8313362121C7973600ED399E /* FitnessAppTests.swift */ = {isa = PBXFileReference; lastKnownFileType = sourcecode.swift; path = FitnessAppTests.swift; sourceTree = "<group>"; };
		8313362321C7973600ED399E /* Info.plist */ = {isa = PBXFileReference; lastKnownFileType = text.plist.xml; path = Info.plist; sourceTree = "<group>"; };
		8313362821C7973600ED399E /* FitnessAppUITests.xctest */ = {isa = PBXFileReference; explicitFileType = wrapper.cfbundle; includeInIndex = 0; path = FitnessAppUITests.xctest; sourceTree = BUILT_PRODUCTS_DIR; };
		8313362C21C7973600ED399E /* FitnessAppUITests.swift */ = {isa = PBXFileReference; lastKnownFileType = sourcecode.swift; path = FitnessAppUITests.swift; sourceTree = "<group>"; };
		8313362E21C7973600ED399E /* Info.plist */ = {isa = PBXFileReference; lastKnownFileType = text.plist.xml; path = Info.plist; sourceTree = "<group>"; };
		8313363A21C7984000ED399E /* GoogleService-Info.plist */ = {isa = PBXFileReference; fileEncoding = 4; lastKnownFileType = text.plist.xml; path = "GoogleService-Info.plist"; sourceTree = "<group>"; };
		8313363C21C79BC700ED399E /* TableViewCell.swift */ = {isa = PBXFileReference; lastKnownFileType = sourcecode.swift; path = TableViewCell.swift; sourceTree = "<group>"; };
		8313364021C7A5D500ED399E /* Post.swift */ = {isa = PBXFileReference; lastKnownFileType = sourcecode.swift; path = Post.swift; sourceTree = "<group>"; };
		8313364721C7B9F400ED399E /* DetailVC.swift */ = {isa = PBXFileReference; lastKnownFileType = sourcecode.swift; path = DetailVC.swift; sourceTree = "<group>"; };
		8313364821C7B9F400ED399E /* DetailVC.xib */ = {isa = PBXFileReference; lastKnownFileType = file.xib; path = DetailVC.xib; sourceTree = "<group>"; };
		834FD22121C9044400824738 /* loginViewController.swift */ = {isa = PBXFileReference; lastKnownFileType = sourcecode.swift; path = loginViewController.swift; sourceTree = "<group>"; };
		834FD22321C90A8000824738 /* registerViewController.swift */ = {isa = PBXFileReference; lastKnownFileType = sourcecode.swift; path = registerViewController.swift; sourceTree = "<group>"; };
		A4996542C84E2B3D93669BDF /* Pods-FitnessAppUITests.debug.xcconfig */ = {isa = PBXFileReference; includeInIndex = 1; lastKnownFileType = text.xcconfig; name = "Pods-FitnessAppUITests.debug.xcconfig"; path = "Pods/Target Support Files/Pods-FitnessAppUITests/Pods-FitnessAppUITests.debug.xcconfig"; sourceTree = "<group>"; };
		AC48B16F62ADDA1AE6370EA9 /* Pods-FitnessAppTests.debug.xcconfig */ = {isa = PBXFileReference; includeInIndex = 1; lastKnownFileType = text.xcconfig; name = "Pods-FitnessAppTests.debug.xcconfig"; path = "Pods/Target Support Files/Pods-FitnessAppTests/Pods-FitnessAppTests.debug.xcconfig"; sourceTree = "<group>"; };
		B7C1E2A4D4E8A59990BB46DF /* Pods_FitnessApp.framework */ = {isa = PBXFileReference; explicitFileType = wrapper.framework; includeInIndex = 0; path = Pods_FitnessApp.framework; sourceTree = BUILT_PRODUCTS_DIR; };
		EB00906D82DC2C83864C6BB1 /* Pods_FitnessAppTests.framework */ = {isa = PBXFileReference; explicitFileType = wrapper.framework; includeInIndex = 0; path = Pods_FitnessAppTests.framework; sourceTree = BUILT_PRODUCTS_DIR; };
/* End PBXFileReference section */

/* Begin PBXFrameworksBuildPhase section */
		8313360621C7973400ED399E /* Frameworks */ = {
			isa = PBXFrameworksBuildPhase;
			buildActionMask = 2147483647;
			files = (
				E9AED2D492408062079269C3 /* Pods_FitnessApp.framework in Frameworks */,
			);
			runOnlyForDeploymentPostprocessing = 0;
		};
		8313361A21C7973600ED399E /* Frameworks */ = {
			isa = PBXFrameworksBuildPhase;
			buildActionMask = 2147483647;
			files = (
				E8100BD3232E08C08453AF55 /* Pods_FitnessAppTests.framework in Frameworks */,
			);
			runOnlyForDeploymentPostprocessing = 0;
		};
		8313362521C7973600ED399E /* Frameworks */ = {
			isa = PBXFrameworksBuildPhase;
			buildActionMask = 2147483647;
			files = (
				BFF74C6F1EEF31CD8A5EBECF /* Pods_FitnessAppUITests.framework in Frameworks */,
			);
			runOnlyForDeploymentPostprocessing = 0;
		};
/* End PBXFrameworksBuildPhase section */

/* Begin PBXGroup section */
		8313360021C7973400ED399E = {
			isa = PBXGroup;
			children = (
				8313360B21C7973400ED399E /* FitnessApp */,
				8313362021C7973600ED399E /* FitnessAppTests */,
				8313362B21C7973600ED399E /* FitnessAppUITests */,
				8313360A21C7973400ED399E /* Products */,
				F6DCC4A7CC84347B49A60AA0 /* Pods */,
				92A53787D7E2A09F616EFA81 /* Frameworks */,
			);
			sourceTree = "<group>";
		};
		8313360A21C7973400ED399E /* Products */ = {
			isa = PBXGroup;
			children = (
				8313360921C7973400ED399E /* FitnessApp.app */,
				8313361D21C7973600ED399E /* FitnessAppTests.xctest */,
				8313362821C7973600ED399E /* FitnessAppUITests.xctest */,
			);
			name = Products;
			sourceTree = "<group>";
		};
		8313360B21C7973400ED399E /* FitnessApp */ = {
			isa = PBXGroup;
			children = (
				8313364621C7B9CE00ED399E /* DetailVC */,
				8313360C21C7973400ED399E /* AppDelegate.swift */,
				8313360E21C7973400ED399E /* ViewController.swift */,
				8313363C21C79BC700ED399E /* TableViewCell.swift */,
				834FD22121C9044400824738 /* loginViewController.swift */,
				834FD22321C90A8000824738 /* registerViewController.swift */,
				8313364021C7A5D500ED399E /* Post.swift */,
				8313361021C7973400ED399E /* Main.storyboard */,
				8313361321C7973600ED399E /* Assets.xcassets */,
				8313361521C7973600ED399E /* LaunchScreen.storyboard */,
				8313361821C7973600ED399E /* Info.plist */,
				8313363A21C7984000ED399E /* GoogleService-Info.plist */,
			);
			path = FitnessApp;
			sourceTree = "<group>";
		};
		8313362021C7973600ED399E /* FitnessAppTests */ = {
			isa = PBXGroup;
			children = (
				8313362121C7973600ED399E /* FitnessAppTests.swift */,
				8313362321C7973600ED399E /* Info.plist */,
			);
			path = FitnessAppTests;
			sourceTree = "<group>";
		};
		8313362B21C7973600ED399E /* FitnessAppUITests */ = {
			isa = PBXGroup;
			children = (
				8313362C21C7973600ED399E /* FitnessAppUITests.swift */,
				8313362E21C7973600ED399E /* Info.plist */,
			);
			path = FitnessAppUITests;
			sourceTree = "<group>";
		};
		8313364621C7B9CE00ED399E /* DetailVC */ = {
			isa = PBXGroup;
			children = (
				8313364721C7B9F400ED399E /* DetailVC.swift */,
				8313364821C7B9F400ED399E /* DetailVC.xib */,
			);
			path = DetailVC;
			sourceTree = "<group>";
		};
		92A53787D7E2A09F616EFA81 /* Frameworks */ = {
			isa = PBXGroup;
			children = (
				B7C1E2A4D4E8A59990BB46DF /* Pods_FitnessApp.framework */,
				EB00906D82DC2C83864C6BB1 /* Pods_FitnessAppTests.framework */,
				27B00E49AAB6282EB6DAB0D4 /* Pods_FitnessAppUITests.framework */,
			);
			name = Frameworks;
			sourceTree = "<group>";
		};
		F6DCC4A7CC84347B49A60AA0 /* Pods */ = {
			isa = PBXGroup;
			children = (
				453C3EAD731F936CBAD17DCE /* Pods-FitnessApp.debug.xcconfig */,
				4FD76BE6CF4AE2D83F4D9D2C /* Pods-FitnessApp.release.xcconfig */,
				AC48B16F62ADDA1AE6370EA9 /* Pods-FitnessAppTests.debug.xcconfig */,
				42FD26041C2E44615FD9F0C2 /* Pods-FitnessAppTests.release.xcconfig */,
				A4996542C84E2B3D93669BDF /* Pods-FitnessAppUITests.debug.xcconfig */,
				7ED85A494BA697099FB32DD9 /* Pods-FitnessAppUITests.release.xcconfig */,
			);
			name = Pods;
			sourceTree = "<group>";
		};
/* End PBXGroup section */

/* Begin PBXNativeTarget section */
		8313360821C7973400ED399E /* FitnessApp */ = {
			isa = PBXNativeTarget;
			buildConfigurationList = 8313363121C7973600ED399E /* Build configuration list for PBXNativeTarget "FitnessApp" */;
			buildPhases = (
				186F0B8D475C46E24ED01FC1 /* [CP] Check Pods Manifest.lock */,
				8313360521C7973400ED399E /* Sources */,
				8313360621C7973400ED399E /* Frameworks */,
				8313360721C7973400ED399E /* Resources */,
				8F9634B9D912BB01621B6172 /* [CP] Embed Pods Frameworks */,
			);
			buildRules = (
			);
			dependencies = (
			);
			name = FitnessApp;
			productName = FitnessApp;
			productReference = 8313360921C7973400ED399E /* FitnessApp.app */;
			productType = "com.apple.product-type.application";
		};
		8313361C21C7973600ED399E /* FitnessAppTests */ = {
			isa = PBXNativeTarget;
			buildConfigurationList = 8313363421C7973600ED399E /* Build configuration list for PBXNativeTarget "FitnessAppTests" */;
			buildPhases = (
				4FA4F9FCBD3E139B9CA122C6 /* [CP] Check Pods Manifest.lock */,
				8313361921C7973600ED399E /* Sources */,
				8313361A21C7973600ED399E /* Frameworks */,
				8313361B21C7973600ED399E /* Resources */,
			);
			buildRules = (
			);
			dependencies = (
				8313361F21C7973600ED399E /* PBXTargetDependency */,
			);
			name = FitnessAppTests;
			productName = FitnessAppTests;
			productReference = 8313361D21C7973600ED399E /* FitnessAppTests.xctest */;
			productType = "com.apple.product-type.bundle.unit-test";
		};
		8313362721C7973600ED399E /* FitnessAppUITests */ = {
			isa = PBXNativeTarget;
			buildConfigurationList = 8313363721C7973600ED399E /* Build configuration list for PBXNativeTarget "FitnessAppUITests" */;
			buildPhases = (
				1740807C5D0748D870E2EAD5 /* [CP] Check Pods Manifest.lock */,
				8313362421C7973600ED399E /* Sources */,
				8313362521C7973600ED399E /* Frameworks */,
				8313362621C7973600ED399E /* Resources */,
			);
			buildRules = (
			);
			dependencies = (
				8313362A21C7973600ED399E /* PBXTargetDependency */,
			);
			name = FitnessAppUITests;
			productName = FitnessAppUITests;
			productReference = 8313362821C7973600ED399E /* FitnessAppUITests.xctest */;
			productType = "com.apple.product-type.bundle.ui-testing";
		};
/* End PBXNativeTarget section */

/* Begin PBXProject section */
		8313360121C7973400ED399E /* Project object */ = {
			isa = PBXProject;
			attributes = {
				LastSwiftUpdateCheck = 1010;
				LastUpgradeCheck = 1010;
				ORGANIZATIONNAME = Fontys;
				TargetAttributes = {
					8313360821C7973400ED399E = {
						CreatedOnToolsVersion = 10.1;
					};
					8313361C21C7973600ED399E = {
						CreatedOnToolsVersion = 10.1;
						TestTargetID = 8313360821C7973400ED399E;
					};
					8313362721C7973600ED399E = {
						CreatedOnToolsVersion = 10.1;
						TestTargetID = 8313360821C7973400ED399E;
					};
				};
			};
			buildConfigurationList = 8313360421C7973400ED399E /* Build configuration list for PBXProject "FitnessApp" */;
			compatibilityVersion = "Xcode 9.3";
			developmentRegion = en;
			hasScannedForEncodings = 0;
			knownRegions = (
				en,
				Base,
			);
			mainGroup = 8313360021C7973400ED399E;
			productRefGroup = 8313360A21C7973400ED399E /* Products */;
			projectDirPath = "";
			projectRoot = "";
			targets = (
				8313360821C7973400ED399E /* FitnessApp */,
				8313361C21C7973600ED399E /* FitnessAppTests */,
				8313362721C7973600ED399E /* FitnessAppUITests */,
			);
		};
/* End PBXProject section */

/* Begin PBXResourcesBuildPhase section */
		8313360721C7973400ED399E /* Resources */ = {
			isa = PBXResourcesBuildPhase;
			buildActionMask = 2147483647;
			files = (
				8313361721C7973600ED399E /* LaunchScreen.storyboard in Resources */,
				8313363B21C7984000ED399E /* GoogleService-Info.plist in Resources */,
				8313361421C7973600ED399E /* Assets.xcassets in Resources */,
				8313361221C7973400ED399E /* Main.storyboard in Resources */,
				8313364A21C7B9F400ED399E /* DetailVC.xib in Resources */,
			);
			runOnlyForDeploymentPostprocessing = 0;
		};
		8313361B21C7973600ED399E /* Resources */ = {
			isa = PBXResourcesBuildPhase;
			buildActionMask = 2147483647;
			files = (
			);
			runOnlyForDeploymentPostprocessing = 0;
		};
		8313362621C7973600ED399E /* Resources */ = {
			isa = PBXResourcesBuildPhase;
			buildActionMask = 2147483647;
			files = (
			);
			runOnlyForDeploymentPostprocessing = 0;
		};
/* End PBXResourcesBuildPhase section */

/* Begin PBXShellScriptBuildPhase section */
		1740807C5D0748D870E2EAD5 /* [CP] Check Pods Manifest.lock */ = {
			isa = PBXShellScriptBuildPhase;
			buildActionMask = 2147483647;
			files = (
			);
			inputFileListPaths = (
			);
			inputPaths = (
				"${PODS_PODFILE_DIR_PATH}/Podfile.lock",
				"${PODS_ROOT}/Manifest.lock",
			);
			name = "[CP] Check Pods Manifest.lock";
			outputFileListPaths = (
			);
			outputPaths = (
				"$(DERIVED_FILE_DIR)/Pods-FitnessAppUITests-checkManifestLockResult.txt",
			);
			runOnlyForDeploymentPostprocessing = 0;
			shellPath = /bin/sh;
			shellScript = "diff \"${PODS_PODFILE_DIR_PATH}/Podfile.lock\" \"${PODS_ROOT}/Manifest.lock\" > /dev/null\nif [ $? != 0 ] ; then\n    # print error to STDERR\n    echo \"error: The sandbox is not in sync with the Podfile.lock. Run 'pod install' or update your CocoaPods installation.\" >&2\n    exit 1\nfi\n# This output is used by Xcode 'outputs' to avoid re-running this script phase.\necho \"SUCCESS\" > \"${SCRIPT_OUTPUT_FILE_0}\"\n";
			showEnvVarsInLog = 0;
		};
		186F0B8D475C46E24ED01FC1 /* [CP] Check Pods Manifest.lock */ = {
			isa = PBXShellScriptBuildPhase;
			buildActionMask = 2147483647;
			files = (
			);
			inputFileListPaths = (
			);
			inputPaths = (
				"${PODS_PODFILE_DIR_PATH}/Podfile.lock",
				"${PODS_ROOT}/Manifest.lock",
			);
			name = "[CP] Check Pods Manifest.lock";
			outputFileListPaths = (
			);
			outputPaths = (
				"$(DERIVED_FILE_DIR)/Pods-FitnessApp-checkManifestLockResult.txt",
			);
			runOnlyForDeploymentPostprocessing = 0;
			shellPath = /bin/sh;
			shellScript = "diff \"${PODS_PODFILE_DIR_PATH}/Podfile.lock\" \"${PODS_ROOT}/Manifest.lock\" > /dev/null\nif [ $? != 0 ] ; then\n    # print error to STDERR\n    echo \"error: The sandbox is not in sync with the Podfile.lock. Run 'pod install' or update your CocoaPods installation.\" >&2\n    exit 1\nfi\n# This output is used by Xcode 'outputs' to avoid re-running this script phase.\necho \"SUCCESS\" > \"${SCRIPT_OUTPUT_FILE_0}\"\n";
			showEnvVarsInLog = 0;
		};
		4FA4F9FCBD3E139B9CA122C6 /* [CP] Check Pods Manifest.lock */ = {
			isa = PBXShellScriptBuildPhase;
			buildActionMask = 2147483647;
			files = (
			);
			inputFileListPaths = (
			);
			inputPaths = (
				"${PODS_PODFILE_DIR_PATH}/Podfile.lock",
				"${PODS_ROOT}/Manifest.lock",
			);
			name = "[CP] Check Pods Manifest.lock";
			outputFileListPaths = (
			);
			outputPaths = (
				"$(DERIVED_FILE_DIR)/Pods-FitnessAppTests-checkManifestLockResult.txt",
			);
			runOnlyForDeploymentPostprocessing = 0;
			shellPath = /bin/sh;
			shellScript = "diff \"${PODS_PODFILE_DIR_PATH}/Podfile.lock\" \"${PODS_ROOT}/Manifest.lock\" > /dev/null\nif [ $? != 0 ] ; then\n    # print error to STDERR\n    echo \"error: The sandbox is not in sync with the Podfile.lock. Run 'pod install' or update your CocoaPods installation.\" >&2\n    exit 1\nfi\n# This output is used by Xcode 'outputs' to avoid re-running this script phase.\necho \"SUCCESS\" > \"${SCRIPT_OUTPUT_FILE_0}\"\n";
			showEnvVarsInLog = 0;
		};
		8F9634B9D912BB01621B6172 /* [CP] Embed Pods Frameworks */ = {
			isa = PBXShellScriptBuildPhase;
			buildActionMask = 2147483647;
			files = (
			);
			inputFileListPaths = (
			);
			inputPaths = (
				"${SRCROOT}/Pods/Target Support Files/Pods-FitnessApp/Pods-FitnessApp-frameworks.sh",
				"${BUILT_PRODUCTS_DIR}/GTMSessionFetcher/GTMSessionFetcher.framework",
				"${BUILT_PRODUCTS_DIR}/GoogleUtilities/GoogleUtilities.framework",
				"${BUILT_PRODUCTS_DIR}/leveldb-library/leveldb.framework",
				"${BUILT_PRODUCTS_DIR}/nanopb/nanopb.framework",
			);
			name = "[CP] Embed Pods Frameworks";
			outputFileListPaths = (
			);
			outputPaths = (
				"${TARGET_BUILD_DIR}/${FRAMEWORKS_FOLDER_PATH}/GTMSessionFetcher.framework",
				"${TARGET_BUILD_DIR}/${FRAMEWORKS_FOLDER_PATH}/GoogleUtilities.framework",
				"${TARGET_BUILD_DIR}/${FRAMEWORKS_FOLDER_PATH}/leveldb.framework",
				"${TARGET_BUILD_DIR}/${FRAMEWORKS_FOLDER_PATH}/nanopb.framework",
			);
			runOnlyForDeploymentPostprocessing = 0;
			shellPath = /bin/sh;
			shellScript = "\"${SRCROOT}/Pods/Target Support Files/Pods-FitnessApp/Pods-FitnessApp-frameworks.sh\"\n";
			showEnvVarsInLog = 0;
		};
/* End PBXShellScriptBuildPhase section */

/* Begin PBXSourcesBuildPhase section */
		8313360521C7973400ED399E /* Sources */ = {
			isa = PBXSourcesBuildPhase;
			buildActionMask = 2147483647;
			files = (
				834FD22221C9044400824738 /* loginViewController.swift in Sources */,
				8313360F21C7973400ED399E /* ViewController.swift in Sources */,
				8313363D21C79BC700ED399E /* TableViewCell.swift in Sources */,
				834FD22421C90A8000824738 /* registerViewController.swift in Sources */,
				8313360D21C7973400ED399E /* AppDelegate.swift in Sources */,
				8313364121C7A5D500ED399E /* Post.swift in Sources */,
				8313364921C7B9F400ED399E /* DetailVC.swift in Sources */,
			);
			runOnlyForDeploymentPostprocessing = 0;
		};
		8313361921C7973600ED399E /* Sources */ = {
			isa = PBXSourcesBuildPhase;
			buildActionMask = 2147483647;
			files = (
				8313362221C7973600ED399E /* FitnessAppTests.swift in Sources */,
			);
			runOnlyForDeploymentPostprocessing = 0;
		};
		8313362421C7973600ED399E /* Sources */ = {
			isa = PBXSourcesBuildPhase;
			buildActionMask = 2147483647;
			files = (
				8313362D21C7973600ED399E /* FitnessAppUITests.swift in Sources */,
			);
			runOnlyForDeploymentPostprocessing = 0;
		};
/* End PBXSourcesBuildPhase section */

/* Begin PBXTargetDependency section */
		8313361F21C7973600ED399E /* PBXTargetDependency */ = {
			isa = PBXTargetDependency;
			target = 8313360821C7973400ED399E /* FitnessApp */;
			targetProxy = 8313361E21C7973600ED399E /* PBXContainerItemProxy */;
		};
		8313362A21C7973600ED399E /* PBXTargetDependency */ = {
			isa = PBXTargetDependency;
			target = 8313360821C7973400ED399E /* FitnessApp */;
			targetProxy = 8313362921C7973600ED399E /* PBXContainerItemProxy */;
		};
/* End PBXTargetDependency section */

/* Begin PBXVariantGroup section */
		8313361021C7973400ED399E /* Main.storyboard */ = {
			isa = PBXVariantGroup;
			children = (
				8313361121C7973400ED399E /* Base */,
			);
			name = Main.storyboard;
			sourceTree = "<group>";
		};
		8313361521C7973600ED399E /* LaunchScreen.storyboard */ = {
			isa = PBXVariantGroup;
			children = (
				8313361621C7973600ED399E /* Base */,
			);
			name = LaunchScreen.storyboard;
			sourceTree = "<group>";
		};
/* End PBXVariantGroup section */

/* Begin XCBuildConfiguration section */
		8313362F21C7973600ED399E /* Debug */ = {
			isa = XCBuildConfiguration;
			buildSettings = {
				ALWAYS_SEARCH_USER_PATHS = NO;
				CLANG_ANALYZER_NONNULL = YES;
				CLANG_ANALYZER_NUMBER_OBJECT_CONVERSION = YES_AGGRESSIVE;
				CLANG_CXX_LANGUAGE_STANDARD = "gnu++14";
				CLANG_CXX_LIBRARY = "libc++";
				CLANG_ENABLE_MODULES = YES;
				CLANG_ENABLE_OBJC_ARC = YES;
				CLANG_ENABLE_OBJC_WEAK = YES;
				CLANG_WARN_BLOCK_CAPTURE_AUTORELEASING = YES;
				CLANG_WARN_BOOL_CONVERSION = YES;
				CLANG_WARN_COMMA = YES;
				CLANG_WARN_CONSTANT_CONVERSION = YES;
				CLANG_WARN_DEPRECATED_OBJC_IMPLEMENTATIONS = YES;
				CLANG_WARN_DIRECT_OBJC_ISA_USAGE = YES_ERROR;
				CLANG_WARN_DOCUMENTATION_COMMENTS = YES;
				CLANG_WARN_EMPTY_BODY = YES;
				CLANG_WARN_ENUM_CONVERSION = YES;
				CLANG_WARN_INFINITE_RECURSION = YES;
				CLANG_WARN_INT_CONVERSION = YES;
				CLANG_WARN_NON_LITERAL_NULL_CONVERSION = YES;
				CLANG_WARN_OBJC_IMPLICIT_RETAIN_SELF = YES;
				CLANG_WARN_OBJC_LITERAL_CONVERSION = YES;
				CLANG_WARN_OBJC_ROOT_CLASS = YES_ERROR;
				CLANG_WARN_RANGE_LOOP_ANALYSIS = YES;
				CLANG_WARN_STRICT_PROTOTYPES = YES;
				CLANG_WARN_SUSPICIOUS_MOVE = YES;
				CLANG_WARN_UNGUARDED_AVAILABILITY = YES_AGGRESSIVE;
				CLANG_WARN_UNREACHABLE_CODE = YES;
				CLANG_WARN__DUPLICATE_METHOD_MATCH = YES;
				CODE_SIGN_IDENTITY = "iPhone Developer";
				COPY_PHASE_STRIP = NO;
				DEBUG_INFORMATION_FORMAT = dwarf;
				ENABLE_STRICT_OBJC_MSGSEND = YES;
				ENABLE_TESTABILITY = YES;
				GCC_C_LANGUAGE_STANDARD = gnu11;
				GCC_DYNAMIC_NO_PIC = NO;
				GCC_NO_COMMON_BLOCKS = YES;
				GCC_OPTIMIZATION_LEVEL = 0;
				GCC_PREPROCESSOR_DEFINITIONS = (
					"DEBUG=1",
					"$(inherited)",
				);
				GCC_WARN_64_TO_32_BIT_CONVERSION = YES;
				GCC_WARN_ABOUT_RETURN_TYPE = YES_ERROR;
				GCC_WARN_UNDECLARED_SELECTOR = YES;
				GCC_WARN_UNINITIALIZED_AUTOS = YES_AGGRESSIVE;
				GCC_WARN_UNUSED_FUNCTION = YES;
				GCC_WARN_UNUSED_VARIABLE = YES;
				IPHONEOS_DEPLOYMENT_TARGET = 12.1;
				MTL_ENABLE_DEBUG_INFO = INCLUDE_SOURCE;
				MTL_FAST_MATH = YES;
				ONLY_ACTIVE_ARCH = YES;
				SDKROOT = iphoneos;
				SWIFT_ACTIVE_COMPILATION_CONDITIONS = DEBUG;
				SWIFT_OPTIMIZATION_LEVEL = "-Onone";
			};
			name = Debug;
		};
		8313363021C7973600ED399E /* Release */ = {
			isa = XCBuildConfiguration;
			buildSettings = {
				ALWAYS_SEARCH_USER_PATHS = NO;
				CLANG_ANALYZER_NONNULL = YES;
				CLANG_ANALYZER_NUMBER_OBJECT_CONVERSION = YES_AGGRESSIVE;
				CLANG_CXX_LANGUAGE_STANDARD = "gnu++14";
				CLANG_CXX_LIBRARY = "libc++";
				CLANG_ENABLE_MODULES = YES;
				CLANG_ENABLE_OBJC_ARC = YES;
				CLANG_ENABLE_OBJC_WEAK = YES;
				CLANG_WARN_BLOCK_CAPTURE_AUTORELEASING = YES;
				CLANG_WARN_BOOL_CONVERSION = YES;
				CLANG_WARN_COMMA = YES;
				CLANG_WARN_CONSTANT_CONVERSION = YES;
				CLANG_WARN_DEPRECATED_OBJC_IMPLEMENTATIONS = YES;
				CLANG_WARN_DIRECT_OBJC_ISA_USAGE = YES_ERROR;
				CLANG_WARN_DOCUMENTATION_COMMENTS = YES;
				CLANG_WARN_EMPTY_BODY = YES;
				CLANG_WARN_ENUM_CONVERSION = YES;
				CLANG_WARN_INFINITE_RECURSION = YES;
				CLANG_WARN_INT_CONVERSION = YES;
				CLANG_WARN_NON_LITERAL_NULL_CONVERSION = YES;
				CLANG_WARN_OBJC_IMPLICIT_RETAIN_SELF = YES;
				CLANG_WARN_OBJC_LITERAL_CONVERSION = YES;
				CLANG_WARN_OBJC_ROOT_CLASS = YES_ERROR;
				CLANG_WARN_RANGE_LOOP_ANALYSIS = YES;
				CLANG_WARN_STRICT_PROTOTYPES = YES;
				CLANG_WARN_SUSPICIOUS_MOVE = YES;
				CLANG_WARN_UNGUARDED_AVAILABILITY = YES_AGGRESSIVE;
				CLANG_WARN_UNREACHABLE_CODE = YES;
				CLANG_WARN__DUPLICATE_METHOD_MATCH = YES;
				CODE_SIGN_IDENTITY = "iPhone Developer";
				COPY_PHASE_STRIP = NO;
				DEBUG_INFORMATION_FORMAT = "dwarf-with-dsym";
				ENABLE_NS_ASSERTIONS = NO;
				ENABLE_STRICT_OBJC_MSGSEND = YES;
				GCC_C_LANGUAGE_STANDARD = gnu11;
				GCC_NO_COMMON_BLOCKS = YES;
				GCC_WARN_64_TO_32_BIT_CONVERSION = YES;
				GCC_WARN_ABOUT_RETURN_TYPE = YES_ERROR;
				GCC_WARN_UNDECLARED_SELECTOR = YES;
				GCC_WARN_UNINITIALIZED_AUTOS = YES_AGGRESSIVE;
				GCC_WARN_UNUSED_FUNCTION = YES;
				GCC_WARN_UNUSED_VARIABLE = YES;
				IPHONEOS_DEPLOYMENT_TARGET = 12.1;
				MTL_ENABLE_DEBUG_INFO = NO;
				MTL_FAST_MATH = YES;
				SDKROOT = iphoneos;
				SWIFT_COMPILATION_MODE = wholemodule;
				SWIFT_OPTIMIZATION_LEVEL = "-O";
				VALIDATE_PRODUCT = YES;
			};
			name = Release;
		};
		8313363221C7973600ED399E /* Debug */ = {
			isa = XCBuildConfiguration;
			baseConfigurationReference = 453C3EAD731F936CBAD17DCE /* Pods-FitnessApp.debug.xcconfig */;
			buildSettings = {
				ASSETCATALOG_COMPILER_APPICON_NAME = AppIcon;
				CODE_SIGN_STYLE = Automatic;
				DEVELOPMENT_TEAM = RNXKQEWD8P;
				INFOPLIST_FILE = FitnessApp/Info.plist;
				LD_RUNPATH_SEARCH_PATHS = (
					"$(inherited)",
					"@executable_path/Frameworks",
				);
				PRODUCT_BUNDLE_IDENTIFIER = edu.fontys.sm.FitnessApp;
				PRODUCT_NAME = "$(TARGET_NAME)";
				SWIFT_VERSION = 4.2;
				TARGETED_DEVICE_FAMILY = "1,2";
			};
			name = Debug;
		};
		8313363321C7973600ED399E /* Release */ = {
			isa = XCBuildConfiguration;
			baseConfigurationReference = 4FD76BE6CF4AE2D83F4D9D2C /* Pods-FitnessApp.release.xcconfig */;
			buildSettings = {
				ASSETCATALOG_COMPILER_APPICON_NAME = AppIcon;
				CODE_SIGN_STYLE = Automatic;
				DEVELOPMENT_TEAM = RNXKQEWD8P;
				INFOPLIST_FILE = FitnessApp/Info.plist;
				LD_RUNPATH_SEARCH_PATHS = (
					"$(inherited)",
					"@executable_path/Frameworks",
				);
				PRODUCT_BUNDLE_IDENTIFIER = edu.fontys.sm.FitnessApp;
				PRODUCT_NAME = "$(TARGET_NAME)";
				SWIFT_VERSION = 4.2;
				TARGETED_DEVICE_FAMILY = "1,2";
			};
			name = Release;
		};
		8313363521C7973600ED399E /* Debug */ = {
			isa = XCBuildConfiguration;
			baseConfigurationReference = AC48B16F62ADDA1AE6370EA9 /* Pods-FitnessAppTests.debug.xcconfig */;
			buildSettings = {
				ALWAYS_EMBED_SWIFT_STANDARD_LIBRARIES = YES;
				BUNDLE_LOADER = "$(TEST_HOST)";
				CODE_SIGN_STYLE = Automatic;
				DEVELOPMENT_TEAM = RNXKQEWD8P;
				INFOPLIST_FILE = FitnessAppTests/Info.plist;
				LD_RUNPATH_SEARCH_PATHS = (
					"$(inherited)",
					"@executable_path/Frameworks",
					"@loader_path/Frameworks",
				);
				PRODUCT_BUNDLE_IDENTIFIER = edu.fontys.sm.FitnessAppTests;
				PRODUCT_NAME = "$(TARGET_NAME)";
				SWIFT_VERSION = 4.2;
				TARGETED_DEVICE_FAMILY = "1,2";
				TEST_HOST = "$(BUILT_PRODUCTS_DIR)/FitnessApp.app/FitnessApp";
			};
			name = Debug;
		};
		8313363621C7973600ED399E /* Release */ = {
			isa = XCBuildConfiguration;
			baseConfigurationReference = 42FD26041C2E44615FD9F0C2 /* Pods-FitnessAppTests.release.xcconfig */;
			buildSettings = {
				ALWAYS_EMBED_SWIFT_STANDARD_LIBRARIES = YES;
				BUNDLE_LOADER = "$(TEST_HOST)";
				CODE_SIGN_STYLE = Automatic;
				DEVELOPMENT_TEAM = RNXKQEWD8P;
				INFOPLIST_FILE = FitnessAppTests/Info.plist;
				LD_RUNPATH_SEARCH_PATHS = (
					"$(inherited)",
					"@executable_path/Frameworks",
					"@loader_path/Frameworks",
				);
				PRODUCT_BUNDLE_IDENTIFIER = edu.fontys.sm.FitnessAppTests;
				PRODUCT_NAME = "$(TARGET_NAME)";
				SWIFT_VERSION = 4.2;
				TARGETED_DEVICE_FAMILY = "1,2";
				TEST_HOST = "$(BUILT_PRODUCTS_DIR)/FitnessApp.app/FitnessApp";
			};
			name = Release;
		};
		8313363821C7973600ED399E /* Debug */ = {
			isa = XCBuildConfiguration;
			baseConfigurationReference = A4996542C84E2B3D93669BDF /* Pods-FitnessAppUITests.debug.xcconfig */;
			buildSettings = {
				ALWAYS_EMBED_SWIFT_STANDARD_LIBRARIES = YES;
				CODE_SIGN_STYLE = Automatic;
				DEVELOPMENT_TEAM = RNXKQEWD8P;
				INFOPLIST_FILE = FitnessAppUITests/Info.plist;
				LD_RUNPATH_SEARCH_PATHS = (
					"$(inherited)",
					"@executable_path/Frameworks",
					"@loader_path/Frameworks",
				);
				PRODUCT_BUNDLE_IDENTIFIER = edu.fontys.sm.FitnessAppUITests;
				PRODUCT_NAME = "$(TARGET_NAME)";
				SWIFT_VERSION = 4.2;
				TARGETED_DEVICE_FAMILY = "1,2";
				TEST_TARGET_NAME = FitnessApp;
			};
			name = Debug;
		};
		8313363921C7973600ED399E /* Release */ = {
			isa = XCBuildConfiguration;
			baseConfigurationReference = 7ED85A494BA697099FB32DD9 /* Pods-FitnessAppUITests.release.xcconfig */;
			buildSettings = {
				ALWAYS_EMBED_SWIFT_STANDARD_LIBRARIES = YES;
				CODE_SIGN_STYLE = Automatic;
				DEVELOPMENT_TEAM = RNXKQEWD8P;
				INFOPLIST_FILE = FitnessAppUITests/Info.plist;
				LD_RUNPATH_SEARCH_PATHS = (
					"$(inherited)",
					"@executable_path/Frameworks",
					"@loader_path/Frameworks",
				);
				PRODUCT_BUNDLE_IDENTIFIER = edu.fontys.sm.FitnessAppUITests;
				PRODUCT_NAME = "$(TARGET_NAME)";
				SWIFT_VERSION = 4.2;
				TARGETED_DEVICE_FAMILY = "1,2";
				TEST_TARGET_NAME = FitnessApp;
			};
			name = Release;
		};
/* End XCBuildConfiguration section */

/* Begin XCConfigurationList section */
		8313360421C7973400ED399E /* Build configuration list for PBXProject "FitnessApp" */ = {
			isa = XCConfigurationList;
			buildConfigurations = (
				8313362F21C7973600ED399E /* Debug */,
				8313363021C7973600ED399E /* Release */,
			);
			defaultConfigurationIsVisible = 0;
			defaultConfigurationName = Release;
		};
		8313363121C7973600ED399E /* Build configuration list for PBXNativeTarget "FitnessApp" */ = {
			isa = XCConfigurationList;
			buildConfigurations = (
				8313363221C7973600ED399E /* Debug */,
				8313363321C7973600ED399E /* Release */,
			);
			defaultConfigurationIsVisible = 0;
			defaultConfigurationName = Release;
		};
		8313363421C7973600ED399E /* Build configuration list for PBXNativeTarget "FitnessAppTests" */ = {
			isa = XCConfigurationList;
			buildConfigurations = (
				8313363521C7973600ED399E /* Debug */,
				8313363621C7973600ED399E /* Release */,
			);
			defaultConfigurationIsVisible = 0;
			defaultConfigurationName = Release;
		};
		8313363721C7973600ED399E /* Build configuration list for PBXNativeTarget "FitnessAppUITests" */ = {
			isa = XCConfigurationList;
			buildConfigurations = (
				8313363821C7973600ED399E /* Debug */,
				8313363921C7973600ED399E /* Release */,
			);
			defaultConfigurationIsVisible = 0;
			defaultConfigurationName = Release;
		};
/* End XCConfigurationList section */
	};
	rootObject = 8313360121C7973400ED399E /* Project object */;
}
